
Microsoft Visual Studio Solution File, Format Version 12.00
# Visual Studio 15
VisualStudioVersion = 15.0.27703.2035
MinimumVisualStudioVersion = 10.0.40219.1
Project("{FAE04EC0-301F-11D3-BF4B-00C04F79EFBC}") = "AAPcanExample", "AAPcanExample.csproj", "{51BAE503-A581-4378-AF8A-94B4106C99B2}"
EndProject
Global
	GlobalSection(SolutionConfigurationPlatforms) = preSolution
		Debug|Any CPU = Debug|Any CPU
		Release|Any CPU = Release|Any CPU
	EndGlobalSection
	GlobalSection(ProjectConfigurationPlatforms) = postSolution
		{51BAE503-A581-4378-AF8A-94B4106C99B2}.Debug|Any CPU.ActiveCfg = Debug|Any CPU
		{51BAE503-A581-4378-AF8A-94B4106C99B2}.Debug|Any CPU.Build.0 = Debug|Any CPU
		{51BAE503-A581-4378-AF8A-94B4106C99B2}.Release|Any CPU.ActiveCfg = Release|Any CPU
		{51BAE503-A581-4378-AF8A-94B4106C99B2}.Release|Any CPU.Build.0 = Release|Any CPU
	EndGlobalSection
	GlobalSection(SolutionProperties) = preSolution
		HideSolutionNode = FALSE
	EndGlobalSection
	GlobalSection(ExtensibilityGlobals) = postSolution
		SolutionGuid = {92F3BCA3-D689-474B-9163-9CDB1D4D693D}
	EndGlobalSection
EndGlobal
